
Microsoft Visual Studio Solution File, Format Version 12.00
# Visual Studio Version 16
VisualStudioVersion = 16.0.30330.147
MinimumVisualStudioVersion = 10.0.40219.1
Project("{FAE04EC0-301F-11D3-BF4B-00C04F79EFBC}") = "Practice1p1_1", "Practice1p1_1\Practice1p1_1.csproj", "{16A9EBAF-C83F-49A5-AB02-161B8A3B788A}"
EndProject
Project("{FAE04EC0-301F-11D3-BF4B-00C04F79EFBC}") = "Practice1p1_2", "Practice1p1_2\Practice1p1_2.csproj", "{8873D9F2-D9EF-4ED8-A8D2-DD000321CDB2}"
EndProject
Project("{FAE04EC0-301F-11D3-BF4B-00C04F79EFBC}") = "Practice1p1_3", "Practice1p1_3\Practice1p1_3.csproj", "{06517DF6-F955-4606-9175-BB03DA01752F}"
EndProject
Project("{FAE04EC0-301F-11D3-BF4B-00C04F79EFBC}") = "Practice1p1_4", "Practice1p1_4\Practice1p1_4.csproj", "{249EC47F-8119-4580-907B-E5AF5830007A}"
EndProject
Project("{FAE04EC0-301F-11D3-BF4B-00C04F79EFBC}") = "Practice1p1_5", "Practice1p1_5\Practice1p1_5.csproj", "{06433039-270C-4116-8BDB-6A3A2C7926E2}"
EndProject
Project("{FAE04EC0-301F-11D3-BF4B-00C04F79EFBC}") = "Practice1p2_1", "Practice1p2_1\Practice1p2_1.csproj", "{E9224799-8E33-4E5D-99FC-55D9FA86E95D}"
EndProject
Project("{FAE04EC0-301F-11D3-BF4B-00C04F79EFBC}") = "Practice1p2_2", "Practice1p2_2\Practice1p2_2.csproj", "{05849AD4-3BF5-4CFE-A2F2-6CB42E14E554}"
EndProject
Project("{FAE04EC0-301F-11D3-BF4B-00C04F79EFBC}") = "Practice1p2_3", "Practice1p2_3\Practice1p2_3.csproj", "{5F979545-034E-4886-8C42-29E655859854}"
EndProject
Project("{FAE04EC0-301F-11D3-BF4B-00C04F79EFBC}") = "Practice1p2_4", "Practice1p2_4\Practice1p2_4.csproj", "{9FC31BE5-D362-4D0D-A0DB-28A5BDE888EB}"
EndProject
Project("{FAE04EC0-301F-11D3-BF4B-00C04F79EFBC}") = "Practice1p2_5", "Practice1p2_5\Practice1p2_5.csproj", "{24B7D919-4884-4CD5-B20C-C12585DEE0C8}"
EndProject
Project("{FAE04EC0-301F-11D3-BF4B-00C04F79EFBC}") = "practice1p3_1", "practice1p3_1\practice1p3_1.csproj", "{5340421C-9950-4DFF-8AE5-DBB13C6DDE99}"
EndProject
Project("{FAE04EC0-301F-11D3-BF4B-00C04F79EFBC}") = "Practice1p3_2", "Practice1p3_2\Practice1p3_2.csproj", "{FBA3325E-A7CC-452A-898F-AD899582BE42}"
EndProject
Project("{FAE04EC0-301F-11D3-BF4B-00C04F79EFBC}") = "Practice1p3_3", "Practice1p3_3\Practice1p3_3.csproj", "{B7B5BBC5-8460-40FE-B56D-738319EAEA42}"
EndProject
Project("{FAE04EC0-301F-11D3-BF4B-00C04F79EFBC}") = "Practice1p4_1", "Practice1p4_1\Practice1p4_1.csproj", "{FF5119F0-2198-40EC-BE57-2B5FFE415BB0}"
EndProject
Project("{FAE04EC0-301F-11D3-BF4B-00C04F79EFBC}") = "Practice1p4_2", "Practice1p4_2\Practice1p4_2.csproj", "{4EBD12BF-D40A-4CB9-A66E-187886E8AD14}"
EndProject
Project("{FAE04EC0-301F-11D3-BF4B-00C04F79EFBC}") = "Practice1p4_3", "Practice1p4_3\Practice1p4_3.csproj", "{29511136-AF75-45AE-B579-97BCA3C9CB35}"
EndProject
Project("{FAE04EC0-301F-11D3-BF4B-00C04F79EFBC}") = "Practice1p4_4", "Practice1p4_4\Practice1p4_4.csproj", "{14277D34-8089-4C64-8F21-771D663DB632}"
EndProject
Project("{FAE04EC0-301F-11D3-BF4B-00C04F79EFBC}") = "Practice1p4_5", "Practice1p4_5\Practice1p4_5.csproj", "{716CA0D4-61C6-4D44-AF7E-B26AE796F25C}"
EndProject
Project("{FAE04EC0-301F-11D3-BF4B-00C04F79EFBC}") = "Practice1p4_6", "Practice1p4_6\Practice1p4_6.csproj", "{D2BE9075-4AF3-439D-BB6E-82E61B118DD6}"
EndProject
Project("{FAE04EC0-301F-11D3-BF4B-00C04F79EFBC}") = "Practice1p5_1", "Practice1p5_1\Practice1p5_1.csproj", "{3D4A7726-3AFF-4684-BD4D-0AF39EDDFD7B}"
EndProject
Project("{FAE04EC0-301F-11D3-BF4B-00C04F79EFBC}") = "Practice1p5_2", "Practice1p5_2\Practice1p5_2.csproj", "{B2CBDC6E-2C90-4F1E-B18F-D5133CBAB33C}"
EndProject
Project("{FAE04EC0-301F-11D3-BF4B-00C04F79EFBC}") = "Practice1p5_3", "Practice1p5_3\Practice1p5_3.csproj", "{EB05927D-EDB6-45E4-9032-875386F2EAB9}"
EndProject
Project("{FAE04EC0-301F-11D3-BF4B-00C04F79EFBC}") = "Practice1p5_4", "Practice1p5_4\Practice1p5_4.csproj", "{3728D6ED-BC84-4767-9BD6-A1BF9F0B9E2A}"
EndProject
Project("{FAE04EC0-301F-11D3-BF4B-00C04F79EFBC}") = "Practice1p5_5", "Practice1p5_5\Practice1p5_5.csproj", "{081626FB-DDB5-438A-B98C-1190AC441BFA}"
EndProject
Project("{FAE04EC0-301F-11D3-BF4B-00C04F79EFBC}") = "Practice1p6_1", "Practice1p6_1\Practice1p6_1.csproj", "{0045A5B7-7B67-4ACE-AF08-98D221F93DD4}"
EndProject
Project("{FAE04EC0-301F-11D3-BF4B-00C04F79EFBC}") = "Practice1p6_2", "Practice1p6_2\Practice1p6_2.csproj", "{D7EAC9B0-F1A8-44BB-9F2B-552D458443E4}"
EndProject
Project("{FAE04EC0-301F-11D3-BF4B-00C04F79EFBC}") = "Practice1p6_3", "Practice1p6_3\Practice1p6_3.csproj", "{CB976D6A-4062-4D48-8FE8-316F03324DF5}"
EndProject
Project("{FAE04EC0-301F-11D3-BF4B-00C04F79EFBC}") = "Practice1p6_4", "Practice1p6_4\Practice1p6_4.csproj", "{847A1701-9148-4E05-B947-F63A3B30F98F}"
EndProject
Project("{FAE04EC0-301F-11D3-BF4B-00C04F79EFBC}") = "Practice1p6_5", "Practice1p6_5\Practice1p6_5.csproj", "{9342D989-7018-4810-9347-2A6015C619F3}"
EndProject
Project("{FAE04EC0-301F-11D3-BF4B-00C04F79EFBC}") = "Practice1p6_6", "Practice1p6_6\Practice1p6_6.csproj", "{618664EF-3537-42AE-803A-5B30CC34E4A7}"
EndProject
Project("{FAE04EC0-301F-11D3-BF4B-00C04F79EFBC}") = "Practice1p7", "Practice1p7\Practice1p7.csproj", "{AF1E5AE7-A22B-41BC-9249-80B57A43CE4A}"
EndProject
Project("{FAE04EC0-301F-11D3-BF4B-00C04F79EFBC}") = "Practice1p8", "Practice1p8\Practice1p8.csproj", "{FD84391C-6E35-4A6D-A335-14651BB22739}"
EndProject
Global
	GlobalSection(SolutionConfigurationPlatforms) = preSolution
		Debug|Any CPU = Debug|Any CPU
		Release|Any CPU = Release|Any CPU
	EndGlobalSection
	GlobalSection(ProjectConfigurationPlatforms) = postSolution
		{16A9EBAF-C83F-49A5-AB02-161B8A3B788A}.Debug|Any CPU.ActiveCfg = Debug|Any CPU
		{16A9EBAF-C83F-49A5-AB02-161B8A3B788A}.Debug|Any CPU.Build.0 = Debug|Any CPU
		{16A9EBAF-C83F-49A5-AB02-161B8A3B788A}.Release|Any CPU.ActiveCfg = Release|Any CPU
		{16A9EBAF-C83F-49A5-AB02-161B8A3B788A}.Release|Any CPU.Build.0 = Release|Any CPU
		{8873D9F2-D9EF-4ED8-A8D2-DD000321CDB2}.Debug|Any CPU.ActiveCfg = Debug|Any CPU
		{8873D9F2-D9EF-4ED8-A8D2-DD000321CDB2}.Debug|Any CPU.Build.0 = Debug|Any CPU
		{8873D9F2-D9EF-4ED8-A8D2-DD000321CDB2}.Release|Any CPU.ActiveCfg = Release|Any CPU
		{8873D9F2-D9EF-4ED8-A8D2-DD000321CDB2}.Release|Any CPU.Build.0 = Release|Any CPU
		{06517DF6-F955-4606-9175-BB03DA01752F}.Debug|Any CPU.ActiveCfg = Debug|Any CPU
		{06517DF6-F955-4606-9175-BB03DA01752F}.Debug|Any CPU.Build.0 = Debug|Any CPU
		{06517DF6-F955-4606-9175-BB03DA01752F}.Release|Any CPU.ActiveCfg = Release|Any CPU
		{06517DF6-F955-4606-9175-BB03DA01752F}.Release|Any CPU.Build.0 = Release|Any CPU
		{249EC47F-8119-4580-907B-E5AF5830007A}.Debug|Any CPU.ActiveCfg = Debug|Any CPU
		{249EC47F-8119-4580-907B-E5AF5830007A}.Debug|Any CPU.Build.0 = Debug|Any CPU
		{249EC47F-8119-4580-907B-E5AF5830007A}.Release|Any CPU.ActiveCfg = Release|Any CPU
		{249EC47F-8119-4580-907B-E5AF5830007A}.Release|Any CPU.Build.0 = Release|Any CPU
		{06433039-270C-4116-8BDB-6A3A2C7926E2}.Debug|Any CPU.ActiveCfg = Debug|Any CPU
		{06433039-270C-4116-8BDB-6A3A2C7926E2}.Debug|Any CPU.Build.0 = Debug|Any CPU
		{06433039-270C-4116-8BDB-6A3A2C7926E2}.Release|Any CPU.ActiveCfg = Release|Any CPU
		{06433039-270C-4116-8BDB-6A3A2C7926E2}.Release|Any CPU.Build.0 = Release|Any CPU
		{E9224799-8E33-4E5D-99FC-55D9FA86E95D}.Debug|Any CPU.ActiveCfg = Debug|Any CPU
		{E9224799-8E33-4E5D-99FC-55D9FA86E95D}.Debug|Any CPU.Build.0 = Debug|Any CPU
		{E9224799-8E33-4E5D-99FC-55D9FA86E95D}.Release|Any CPU.ActiveCfg = Release|Any CPU
		{E9224799-8E33-4E5D-99FC-55D9FA86E95D}.Release|Any CPU.Build.0 = Release|Any CPU
		{05849AD4-3BF5-4CFE-A2F2-6CB42E14E554}.Debug|Any CPU.ActiveCfg = Debug|Any CPU
		{05849AD4-3BF5-4CFE-A2F2-6CB42E14E554}.Debug|Any CPU.Build.0 = Debug|Any CPU
		{05849AD4-3BF5-4CFE-A2F2-6CB42E14E554}.Release|Any CPU.ActiveCfg = Release|Any CPU
		{05849AD4-3BF5-4CFE-A2F2-6CB42E14E554}.Release|Any CPU.Build.0 = Release|Any CPU
		{5F979545-034E-4886-8C42-29E655859854}.Debug|Any CPU.ActiveCfg = Debug|Any CPU
		{5F979545-034E-4886-8C42-29E655859854}.Debug|Any CPU.Build.0 = Debug|Any CPU
		{5F979545-034E-4886-8C42-29E655859854}.Release|Any CPU.ActiveCfg = Release|Any CPU
		{5F979545-034E-4886-8C42-29E655859854}.Release|Any CPU.Build.0 = Release|Any CPU
		{9FC31BE5-D362-4D0D-A0DB-28A5BDE888EB}.Debug|Any CPU.ActiveCfg = Debug|Any CPU
		{9FC31BE5-D362-4D0D-A0DB-28A5BDE888EB}.Debug|Any CPU.Build.0 = Debug|Any CPU
		{9FC31BE5-D362-4D0D-A0DB-28A5BDE888EB}.Release|Any CPU.ActiveCfg = Release|Any CPU
		{9FC31BE5-D362-4D0D-A0DB-28A5BDE888EB}.Release|Any CPU.Build.0 = Release|Any CPU
		{24B7D919-4884-4CD5-B20C-C12585DEE0C8}.Debug|Any CPU.ActiveCfg = Debug|Any CPU
		{24B7D919-4884-4CD5-B20C-C12585DEE0C8}.Debug|Any CPU.Build.0 = Debug|Any CPU
		{24B7D919-4884-4CD5-B20C-C12585DEE0C8}.Release|Any CPU.ActiveCfg = Release|Any CPU
		{24B7D919-4884-4CD5-B20C-C12585DEE0C8}.Release|Any CPU.Build.0 = Release|Any CPU
		{5340421C-9950-4DFF-8AE5-DBB13C6DDE99}.Debug|Any CPU.ActiveCfg = Debug|Any CPU
		{5340421C-9950-4DFF-8AE5-DBB13C6DDE99}.Debug|Any CPU.Build.0 = Debug|Any CPU
		{5340421C-9950-4DFF-8AE5-DBB13C6DDE99}.Release|Any CPU.ActiveCfg = Release|Any CPU
		{5340421C-9950-4DFF-8AE5-DBB13C6DDE99}.Release|Any CPU.Build.0 = Release|Any CPU
		{FBA3325E-A7CC-452A-898F-AD899582BE42}.Debug|Any CPU.ActiveCfg = Debug|Any CPU
		{FBA3325E-A7CC-452A-898F-AD899582BE42}.Debug|Any CPU.Build.0 = Debug|Any CPU
		{FBA3325E-A7CC-452A-898F-AD899582BE42}.Release|Any CPU.ActiveCfg = Release|Any CPU
		{FBA3325E-A7CC-452A-898F-AD899582BE42}.Release|Any CPU.Build.0 = Release|Any CPU
		{B7B5BBC5-8460-40FE-B56D-738319EAEA42}.Debug|Any CPU.ActiveCfg = Debug|Any CPU
		{B7B5BBC5-8460-40FE-B56D-738319EAEA42}.Debug|Any CPU.Build.0 = Debug|Any CPU
		{B7B5BBC5-8460-40FE-B56D-738319EAEA42}.Release|Any CPU.ActiveCfg = Release|Any CPU
		{B7B5BBC5-8460-40FE-B56D-738319EAEA42}.Release|Any CPU.Build.0 = Release|Any CPU
		{FF5119F0-2198-40EC-BE57-2B5FFE415BB0}.Debug|Any CPU.ActiveCfg = Debug|Any CPU
		{FF5119F0-2198-40EC-BE57-2B5FFE415BB0}.Debug|Any CPU.Build.0 = Debug|Any CPU
		{FF5119F0-2198-40EC-BE57-2B5FFE415BB0}.Release|Any CPU.ActiveCfg = Release|Any CPU
		{FF5119F0-2198-40EC-BE57-2B5FFE415BB0}.Release|Any CPU.Build.0 = Release|Any CPU
		{4EBD12BF-D40A-4CB9-A66E-187886E8AD14}.Debug|Any CPU.ActiveCfg = Debug|Any CPU
		{4EBD12BF-D40A-4CB9-A66E-187886E8AD14}.Debug|Any CPU.Build.0 = Debug|Any CPU
		{4EBD12BF-D40A-4CB9-A66E-187886E8AD14}.Release|Any CPU.ActiveCfg = Release|Any CPU
		{4EBD12BF-D40A-4CB9-A66E-187886E8AD14}.Release|Any CPU.Build.0 = Release|Any CPU
		{29511136-AF75-45AE-B579-97BCA3C9CB35}.Debug|Any CPU.ActiveCfg = Debug|Any CPU
		{29511136-AF75-45AE-B579-97BCA3C9CB35}.Debug|Any CPU.Build.0 = Debug|Any CPU
		{29511136-AF75-45AE-B579-97BCA3C9CB35}.Release|Any CPU.ActiveCfg = Release|Any CPU
		{29511136-AF75-45AE-B579-97BCA3C9CB35}.Release|Any CPU.Build.0 = Release|Any CPU
		{14277D34-8089-4C64-8F21-771D663DB632}.Debug|Any CPU.ActiveCfg = Debug|Any CPU
		{14277D34-8089-4C64-8F21-771D663DB632}.Debug|Any CPU.Build.0 = Debug|Any CPU
		{14277D34-8089-4C64-8F21-771D663DB632}.Release|Any CPU.ActiveCfg = Release|Any CPU
		{14277D34-8089-4C64-8F21-771D663DB632}.Release|Any CPU.Build.0 = Release|Any CPU
		{716CA0D4-61C6-4D44-AF7E-B26AE796F25C}.Debug|Any CPU.ActiveCfg = Debug|Any CPU
		{716CA0D4-61C6-4D44-AF7E-B26AE796F25C}.Debug|Any CPU.Build.0 = Debug|Any CPU
		{716CA0D4-61C6-4D44-AF7E-B26AE796F25C}.Release|Any CPU.ActiveCfg = Release|Any CPU
		{716CA0D4-61C6-4D44-AF7E-B26AE796F25C}.Release|Any CPU.Build.0 = Release|Any CPU
		{D2BE9075-4AF3-439D-BB6E-82E61B118DD6}.Debug|Any CPU.ActiveCfg = Debug|Any CPU
		{D2BE9075-4AF3-439D-BB6E-82E61B118DD6}.Debug|Any CPU.Build.0 = Debug|Any CPU
		{D2BE9075-4AF3-439D-BB6E-82E61B118DD6}.Release|Any CPU.ActiveCfg = Release|Any CPU
		{D2BE9075-4AF3-439D-BB6E-82E61B118DD6}.Release|Any CPU.Build.0 = Release|Any CPU
		{3D4A7726-3AFF-4684-BD4D-0AF39EDDFD7B}.Debug|Any CPU.ActiveCfg = Debug|Any CPU
		{3D4A7726-3AFF-4684-BD4D-0AF39EDDFD7B}.Debug|Any CPU.Build.0 = Debug|Any CPU
		{3D4A7726-3AFF-4684-BD4D-0AF39EDDFD7B}.Release|Any CPU.ActiveCfg = Release|Any CPU
		{3D4A7726-3AFF-4684-BD4D-0AF39EDDFD7B}.Release|Any CPU.Build.0 = Release|Any CPU
		{B2CBDC6E-2C90-4F1E-B18F-D5133CBAB33C}.Debug|Any CPU.ActiveCfg = Debug|Any CPU
		{B2CBDC6E-2C90-4F1E-B18F-D5133CBAB33C}.Debug|Any CPU.Build.0 = Debug|Any CPU
		{B2CBDC6E-2C90-4F1E-B18F-D5133CBAB33C}.Release|Any CPU.ActiveCfg = Release|Any CPU
		{B2CBDC6E-2C90-4F1E-B18F-D5133CBAB33C}.Release|Any CPU.Build.0 = Release|Any CPU
		{EB05927D-EDB6-45E4-9032-875386F2EAB9}.Debug|Any CPU.ActiveCfg = Debug|Any CPU
		{EB05927D-EDB6-45E4-9032-875386F2EAB9}.Debug|Any CPU.Build.0 = Debug|Any CPU
		{EB05927D-EDB6-45E4-9032-875386F2EAB9}.Release|Any CPU.ActiveCfg = Release|Any CPU
		{EB05927D-EDB6-45E4-9032-875386F2EAB9}.Release|Any CPU.Build.0 = Release|Any CPU
		{3728D6ED-BC84-4767-9BD6-A1BF9F0B9E2A}.Debug|Any CPU.ActiveCfg = Debug|Any CPU
		{3728D6ED-BC84-4767-9BD6-A1BF9F0B9E2A}.Debug|Any CPU.Build.0 = Debug|Any CPU
		{3728D6ED-BC84-4767-9BD6-A1BF9F0B9E2A}.Release|Any CPU.ActiveCfg = Release|Any CPU
		{3728D6ED-BC84-4767-9BD6-A1BF9F0B9E2A}.Release|Any CPU.Build.0 = Release|Any CPU
		{081626FB-DDB5-438A-B98C-1190AC441BFA}.Debug|Any CPU.ActiveCfg = Debug|Any CPU
		{081626FB-DDB5-438A-B98C-1190AC441BFA}.Debug|Any CPU.Build.0 = Debug|Any CPU
		{081626FB-DDB5-438A-B98C-1190AC441BFA}.Release|Any CPU.ActiveCfg = Release|Any CPU
		{081626FB-DDB5-438A-B98C-1190AC441BFA}.Release|Any CPU.Build.0 = Release|Any CPU
		{0045A5B7-7B67-4ACE-AF08-98D221F93DD4}.Debug|Any CPU.ActiveCfg = Debug|Any CPU
		{0045A5B7-7B67-4ACE-AF08-98D221F93DD4}.Debug|Any CPU.Build.0 = Debug|Any CPU
		{0045A5B7-7B67-4ACE-AF08-98D221F93DD4}.Release|Any CPU.ActiveCfg = Release|Any CPU
		{0045A5B7-7B67-4ACE-AF08-98D221F93DD4}.Release|Any CPU.Build.0 = Release|Any CPU
		{D7EAC9B0-F1A8-44BB-9F2B-552D458443E4}.Debug|Any CPU.ActiveCfg = Debug|Any CPU
		{D7EAC9B0-F1A8-44BB-9F2B-552D458443E4}.Debug|Any CPU.Build.0 = Debug|Any CPU
		{D7EAC9B0-F1A8-44BB-9F2B-552D458443E4}.Release|Any CPU.ActiveCfg = Release|Any CPU
		{D7EAC9B0-F1A8-44BB-9F2B-552D458443E4}.Release|Any CPU.Build.0 = Release|Any CPU
		{CB976D6A-4062-4D48-8FE8-316F03324DF5}.Debug|Any CPU.ActiveCfg = Debug|Any CPU
		{CB976D6A-4062-4D48-8FE8-316F03324DF5}.Debug|Any CPU.Build.0 = Debug|Any CPU
		{CB976D6A-4062-4D48-8FE8-316F03324DF5}.Release|Any CPU.ActiveCfg = Release|Any CPU
		{CB976D6A-4062-4D48-8FE8-316F03324DF5}.Release|Any CPU.Build.0 = Release|Any CPU
		{847A1701-9148-4E05-B947-F63A3B30F98F}.Debug|Any CPU.ActiveCfg = Debug|Any CPU
		{847A1701-9148-4E05-B947-F63A3B30F98F}.Debug|Any CPU.Build.0 = Debug|Any CPU
		{847A1701-9148-4E05-B947-F63A3B30F98F}.Release|Any CPU.ActiveCfg = Release|Any CPU
		{847A1701-9148-4E05-B947-F63A3B30F98F}.Release|Any CPU.Build.0 = Release|Any CPU
		{9342D989-7018-4810-9347-2A6015C619F3}.Debug|Any CPU.ActiveCfg = Debug|Any CPU
		{9342D989-7018-4810-9347-2A6015C619F3}.Debug|Any CPU.Build.0 = Debug|Any CPU
		{9342D989-7018-4810-9347-2A6015C619F3}.Release|Any CPU.ActiveCfg = Release|Any CPU
		{9342D989-7018-4810-9347-2A6015C619F3}.Release|Any CPU.Build.0 = Release|Any CPU
		{618664EF-3537-42AE-803A-5B30CC34E4A7}.Debug|Any CPU.ActiveCfg = Debug|Any CPU
		{618664EF-3537-42AE-803A-5B30CC34E4A7}.Debug|Any CPU.Build.0 = Debug|Any CPU
		{618664EF-3537-42AE-803A-5B30CC34E4A7}.Release|Any CPU.ActiveCfg = Release|Any CPU
		{618664EF-3537-42AE-803A-5B30CC34E4A7}.Release|Any CPU.Build.0 = Release|Any CPU
		{AF1E5AE7-A22B-41BC-9249-80B57A43CE4A}.Debug|Any CPU.ActiveCfg = Debug|Any CPU
		{AF1E5AE7-A22B-41BC-9249-80B57A43CE4A}.Debug|Any CPU.Build.0 = Debug|Any CPU
		{AF1E5AE7-A22B-41BC-9249-80B57A43CE4A}.Release|Any CPU.ActiveCfg = Release|Any CPU
		{AF1E5AE7-A22B-41BC-9249-80B57A43CE4A}.Release|Any CPU.Build.0 = Release|Any CPU
		{FD84391C-6E35-4A6D-A335-14651BB22739}.Debug|Any CPU.ActiveCfg = Debug|Any CPU
		{FD84391C-6E35-4A6D-A335-14651BB22739}.Debug|Any CPU.Build.0 = Debug|Any CPU
		{FD84391C-6E35-4A6D-A335-14651BB22739}.Release|Any CPU.ActiveCfg = Release|Any CPU
		{FD84391C-6E35-4A6D-A335-14651BB22739}.Release|Any CPU.Build.0 = Release|Any CPU
	EndGlobalSection
	GlobalSection(SolutionProperties) = preSolution
		HideSolutionNode = FALSE
	EndGlobalSection
	GlobalSection(ExtensibilityGlobals) = postSolution
		SolutionGuid = {FA4875F1-5EB1-46BF-A85F-15C247625906}
	EndGlobalSection
EndGlobal
